
Microsoft Visual Studio Solution File, Format Version 12.00
# Visual Studio 14
VisualStudioVersion = 14.0.25420.1
MinimumVisualStudioVersion = 10.0.40219.1
Project("{2150E333-8FDC-42A3-9474-1A3956D46DE8}") = "GoFishGameWA", "GoFishGameWA", "{84846EC5-BC8D-4487-9BE2-9E8DAFA0AA92}"
EndProject
Project("{D954291E-2A0B-460D-934E-DC6B0785DB48}") = "GoFishGameWA.Shared", "GoFishGameWA\GoFishGameWA.Shared\GoFishGameWA.Shared.shproj", "{04D588F0-AB1F-41B7-9765-6E7731C951F5}"
EndProject
Project("{FAE04EC0-301F-11D3-BF4B-00C04F79EFBC}") = "GoFishGameWA.Windows", "GoFishGameWA\GoFishGameWA.Windows\GoFishGameWA.Windows.csproj", "{5B506D23-B3F0-4F75-B889-9742CF47DED3}"
EndProject
Project("{FAE04EC0-301F-11D3-BF4B-00C04F79EFBC}") = "GoFishGameWA.WindowsPhone", "GoFishGameWA\GoFishGameWA.WindowsPhone\GoFishGameWA.WindowsPhone.csproj", "{C1FB58AB-48F3-421A-ACC2-DB93F4219EEC}"
EndProject
Project("{2150E333-8FDC-42A3-9474-1A3956D46DE8}") = "BeehiveManagementSystemWA", "BeehiveManagementSystemWA", "{443DF84E-1DE4-4F6D-9041-65992BB6748E}"
EndProject
Project("{D954291E-2A0B-460D-934E-DC6B0785DB48}") = "BeehiveManagementSystemWA.Shared", "BeehiveManagementSystemWA\BeehiveManagementSystemWA.Shared\BeehiveManagementSystemWA.Shared.shproj", "{6A4BB8CE-24B0-4929-A060-DBDD4F34FBD5}"
EndProject
Project("{FAE04EC0-301F-11D3-BF4B-00C04F79EFBC}") = "BeehiveManagementSystemWA.Windows", "BeehiveManagementSystemWA\BeehiveManagementSystemWA.Windows\BeehiveManagementSystemWA.Windows.csproj", "{779E8641-9EEE-4D7F-9081-94A15DD18EE8}"
EndProject
Project("{FAE04EC0-301F-11D3-BF4B-00C04F79EFBC}") = "BeehiveManagementSystemWA.WindowsPhone", "BeehiveManagementSystemWA\BeehiveManagementSystemWA.WindowsPhone\BeehiveManagementSystemWA.WindowsPhone.csproj", "{70B06CE6-EF63-428F-BE04-74AD8934F862}"
EndProject
Global
	GlobalSection(SharedMSBuildProjectFiles) = preSolution
		GoFishGameWA\GoFishGameWA.Shared\GoFishGameWA.Shared.projitems*{04d588f0-ab1f-41b7-9765-6e7731c951f5}*SharedItemsImports = 13
		GoFishGameWA\GoFishGameWA.Shared\GoFishGameWA.Shared.projitems*{5b506d23-b3f0-4f75-b889-9742cf47ded3}*SharedItemsImports = 4
		BeehiveManagementSystemWA\BeehiveManagementSystemWA.Shared\BeehiveManagementSystemWA.Shared.projitems*{6a4bb8ce-24b0-4929-a060-dbdd4f34fbd5}*SharedItemsImports = 13
		BeehiveManagementSystemWA\BeehiveManagementSystemWA.Shared\BeehiveManagementSystemWA.Shared.projitems*{70b06ce6-ef63-428f-be04-74ad8934f862}*SharedItemsImports = 4
		BeehiveManagementSystemWA\BeehiveManagementSystemWA.Shared\BeehiveManagementSystemWA.Shared.projitems*{779e8641-9eee-4d7f-9081-94a15dd18ee8}*SharedItemsImports = 4
		GoFishGameWA\GoFishGameWA.Shared\GoFishGameWA.Shared.projitems*{c1fb58ab-48f3-421a-acc2-db93f4219eec}*SharedItemsImports = 4
	EndGlobalSection
	GlobalSection(SolutionConfigurationPlatforms) = preSolution
		Debug|Any CPU = Debug|Any CPU
		Debug|ARM = Debug|ARM
		Debug|x64 = Debug|x64
		Debug|x86 = Debug|x86
		Release|Any CPU = Release|Any CPU
		Release|ARM = Release|ARM
		Release|x64 = Release|x64
		Release|x86 = Release|x86
	EndGlobalSection
	GlobalSection(ProjectConfigurationPlatforms) = postSolution
		{5B506D23-B3F0-4F75-B889-9742CF47DED3}.Debug|Any CPU.ActiveCfg = Debug|Any CPU
		{5B506D23-B3F0-4F75-B889-9742CF47DED3}.Debug|Any CPU.Build.0 = Debug|Any CPU
		{5B506D23-B3F0-4F75-B889-9742CF47DED3}.Debug|Any CPU.Deploy.0 = Debug|Any CPU
		{5B506D23-B3F0-4F75-B889-9742CF47DED3}.Debug|ARM.ActiveCfg = Debug|ARM
		{5B506D23-B3F0-4F75-B889-9742CF47DED3}.Debug|ARM.Build.0 = Debug|ARM
		{5B506D23-B3F0-4F75-B889-9742CF47DED3}.Debug|ARM.Deploy.0 = Debug|ARM
		{5B506D23-B3F0-4F75-B889-9742CF47DED3}.Debug|x64.ActiveCfg = Debug|x64
		{5B506D23-B3F0-4F75-B889-9742CF47DED3}.Debug|x64.Build.0 = Debug|x64
		{5B506D23-B3F0-4F75-B889-9742CF47DED3}.Debug|x64.Deploy.0 = Debug|x64
		{5B506D23-B3F0-4F75-B889-9742CF47DED3}.Debug|x86.ActiveCfg = Debug|x86
		{5B506D23-B3F0-4F75-B889-9742CF47DED3}.Debug|x86.Build.0 = Debug|x86
		{5B506D23-B3F0-4F75-B889-9742CF47DED3}.Debug|x86.Deploy.0 = Debug|x86
		{5B506D23-B3F0-4F75-B889-9742CF47DED3}.Release|Any CPU.ActiveCfg = Release|Any CPU
		{5B506D23-B3F0-4F75-B889-9742CF47DED3}.Release|Any CPU.Build.0 = Release|Any CPU
		{5B506D23-B3F0-4F75-B889-9742CF47DED3}.Release|Any CPU.Deploy.0 = Release|Any CPU
		{5B506D23-B3F0-4F75-B889-9742CF47DED3}.Release|ARM.ActiveCfg = Release|ARM
		{5B506D23-B3F0-4F75-B889-9742CF47DED3}.Release|ARM.Build.0 = Release|ARM
		{5B506D23-B3F0-4F75-B889-9742CF47DED3}.Release|ARM.Deploy.0 = Release|ARM
		{5B506D23-B3F0-4F75-B889-9742CF47DED3}.Release|x64.ActiveCfg = Release|x64
		{5B506D23-B3F0-4F75-B889-9742CF47DED3}.Release|x64.Build.0 = Release|x64
		{5B506D23-B3F0-4F75-B889-9742CF47DED3}.Release|x64.Deploy.0 = Release|x64
		{5B506D23-B3F0-4F75-B889-9742CF47DED3}.Release|x86.ActiveCfg = Release|x86
		{5B506D23-B3F0-4F75-B889-9742CF47DED3}.Release|x86.Build.0 = Release|x86
		{5B506D23-B3F0-4F75-B889-9742CF47DED3}.Release|x86.Deploy.0 = Release|x86
		{C1FB58AB-48F3-421A-ACC2-DB93F4219EEC}.Debug|Any CPU.ActiveCfg = Debug|Any CPU
		{C1FB58AB-48F3-421A-ACC2-DB93F4219EEC}.Debug|Any CPU.Build.0 = Debug|Any CPU
		{C1FB58AB-48F3-421A-ACC2-DB93F4219EEC}.Debug|Any CPU.Deploy.0 = Debug|Any CPU
		{C1FB58AB-48F3-421A-ACC2-DB93F4219EEC}.Debug|ARM.ActiveCfg = Debug|ARM
		{C1FB58AB-48F3-421A-ACC2-DB93F4219EEC}.Debug|ARM.Build.0 = Debug|ARM
		{C1FB58AB-48F3-421A-ACC2-DB93F4219EEC}.Debug|ARM.Deploy.0 = Debug|ARM
		{C1FB58AB-48F3-421A-ACC2-DB93F4219EEC}.Debug|x64.ActiveCfg = Debug|Any CPU
		{C1FB58AB-48F3-421A-ACC2-DB93F4219EEC}.Debug|x64.Build.0 = Debug|Any CPU
		{C1FB58AB-48F3-421A-ACC2-DB93F4219EEC}.Debug|x64.Deploy.0 = Debug|Any CPU
		{C1FB58AB-48F3-421A-ACC2-DB93F4219EEC}.Debug|x86.ActiveCfg = Debug|x86
		{C1FB58AB-48F3-421A-ACC2-DB93F4219EEC}.Debug|x86.Build.0 = Debug|x86
		{C1FB58AB-48F3-421A-ACC2-DB93F4219EEC}.Debug|x86.Deploy.0 = Debug|x86
		{C1FB58AB-48F3-421A-ACC2-DB93F4219EEC}.Release|Any CPU.ActiveCfg = Release|Any CPU
		{C1FB58AB-48F3-421A-ACC2-DB93F4219EEC}.Release|Any CPU.Build.0 = Release|Any CPU
		{C1FB58AB-48F3-421A-ACC2-DB93F4219EEC}.Release|Any CPU.Deploy.0 = Release|Any CPU
		{C1FB58AB-48F3-421A-ACC2-DB93F4219EEC}.Release|ARM.ActiveCfg = Release|ARM
		{C1FB58AB-48F3-421A-ACC2-DB93F4219EEC}.Release|ARM.Build.0 = Release|ARM
		{C1FB58AB-48F3-421A-ACC2-DB93F4219EEC}.Release|ARM.Deploy.0 = Release|ARM
		{C1FB58AB-48F3-421A-ACC2-DB93F4219EEC}.Release|x64.ActiveCfg = Release|Any CPU
		{C1FB58AB-48F3-421A-ACC2-DB93F4219EEC}.Release|x64.Build.0 = Release|Any CPU
		{C1FB58AB-48F3-421A-ACC2-DB93F4219EEC}.Release|x64.Deploy.0 = Release|Any CPU
		{C1FB58AB-48F3-421A-ACC2-DB93F4219EEC}.Release|x86.ActiveCfg = Release|x86
		{C1FB58AB-48F3-421A-ACC2-DB93F4219EEC}.Release|x86.Build.0 = Release|x86
		{C1FB58AB-48F3-421A-ACC2-DB93F4219EEC}.Release|x86.Deploy.0 = Release|x86
		{779E8641-9EEE-4D7F-9081-94A15DD18EE8}.Debug|Any CPU.ActiveCfg = Debug|Any CPU
		{779E8641-9EEE-4D7F-9081-94A15DD18EE8}.Debug|Any CPU.Build.0 = Debug|Any CPU
		{779E8641-9EEE-4D7F-9081-94A15DD18EE8}.Debug|Any CPU.Deploy.0 = Debug|Any CPU
		{779E8641-9EEE-4D7F-9081-94A15DD18EE8}.Debug|ARM.ActiveCfg = Debug|ARM
		{779E8641-9EEE-4D7F-9081-94A15DD18EE8}.Debug|ARM.Build.0 = Debug|ARM
		{779E8641-9EEE-4D7F-9081-94A15DD18EE8}.Debug|ARM.Deploy.0 = Debug|ARM
		{779E8641-9EEE-4D7F-9081-94A15DD18EE8}.Debug|x64.ActiveCfg = Debug|x64
		{779E8641-9EEE-4D7F-9081-94A15DD18EE8}.Debug|x64.Build.0 = Debug|x64
		{779E8641-9EEE-4D7F-9081-94A15DD18EE8}.Debug|x64.Deploy.0 = Debug|x64
		{779E8641-9EEE-4D7F-9081-94A15DD18EE8}.Debug|x86.ActiveCfg = Debug|x86
		{779E8641-9EEE-4D7F-9081-94A15DD18EE8}.Debug|x86.Build.0 = Debug|x86
		{779E8641-9EEE-4D7F-9081-94A15DD18EE8}.Debug|x86.Deploy.0 = Debug|x86
		{779E8641-9EEE-4D7F-9081-94A15DD18EE8}.Release|Any CPU.ActiveCfg = Release|Any CPU
		{779E8641-9EEE-4D7F-9081-94A15DD18EE8}.Release|Any CPU.Build.0 = Release|Any CPU
		{779E8641-9EEE-4D7F-9081-94A15DD18EE8}.Release|Any CPU.Deploy.0 = Release|Any CPU
		{779E8641-9EEE-4D7F-9081-94A15DD18EE8}.Release|ARM.ActiveCfg = Release|ARM
		{779E8641-9EEE-4D7F-9081-94A15DD18EE8}.Release|ARM.Build.0 = Release|ARM
		{779E8641-9EEE-4D7F-9081-94A15DD18EE8}.Release|ARM.Deploy.0 = Release|ARM
		{779E8641-9EEE-4D7F-9081-94A15DD18EE8}.Release|x64.ActiveCfg = Release|x64
		{779E8641-9EEE-4D7F-9081-94A15DD18EE8}.Release|x64.Build.0 = Release|x64
		{779E8641-9EEE-4D7F-9081-94A15DD18EE8}.Release|x64.Deploy.0 = Release|x64
		{779E8641-9EEE-4D7F-9081-94A15DD18EE8}.Release|x86.ActiveCfg = Release|x86
		{779E8641-9EEE-4D7F-9081-94A15DD18EE8}.Release|x86.Build.0 = Release|x86
		{779E8641-9EEE-4D7F-9081-94A15DD18EE8}.Release|x86.Deploy.0 = Release|x86
		{70B06CE6-EF63-428F-BE04-74AD8934F862}.Debug|Any CPU.ActiveCfg = Debug|Any CPU
		{70B06CE6-EF63-428F-BE04-74AD8934F862}.Debug|Any CPU.Build.0 = Debug|Any CPU
		{70B06CE6-EF63-428F-BE04-74AD8934F862}.Debug|Any CPU.Deploy.0 = Debug|Any CPU
		{70B06CE6-EF63-428F-BE04-74AD8934F862}.Debug|ARM.ActiveCfg = Debug|ARM
		{70B06CE6-EF63-428F-BE04-74AD8934F862}.Debug|ARM.Build.0 = Debug|ARM
		{70B06CE6-EF63-428F-BE04-74AD8934F862}.Debug|ARM.Deploy.0 = Debug|ARM
		{70B06CE6-EF63-428F-BE04-74AD8934F862}.Debug|x64.ActiveCfg = Debug|Any CPU
		{70B06CE6-EF63-428F-BE04-74AD8934F862}.Debug|x64.Build.0 = Debug|Any CPU
		{70B06CE6-EF63-428F-BE04-74AD8934F862}.Debug|x64.Deploy.0 = Debug|Any CPU
		{70B06CE6-EF63-428F-BE04-74AD8934F862}.Debug|x86.ActiveCfg = Debug|x86
		{70B06CE6-EF63-428F-BE04-74AD8934F862}.Debug|x86.Build.0 = Debug|x86
		{70B06CE6-EF63-428F-BE04-74AD8934F862}.Debug|x86.Deploy.0 = Debug|x86
		{70B06CE6-EF63-428F-BE04-74AD8934F862}.Release|Any CPU.ActiveCfg = Release|Any CPU
		{70B06CE6-EF63-428F-BE04-74AD8934F862}.Release|Any CPU.Build.0 = Release|Any CPU
		{70B06CE6-EF63-428F-BE04-74AD8934F862}.Release|Any CPU.Deploy.0 = Release|Any CPU
		{70B06CE6-EF63-428F-BE04-74AD8934F862}.Release|ARM.ActiveCfg = Release|ARM
		{70B06CE6-EF63-428F-BE04-74AD8934F862}.Release|ARM.Build.0 = Release|ARM
		{70B06CE6-EF63-428F-BE04-74AD8934F862}.Release|ARM.Deploy.0 = Release|ARM
		{70B06CE6-EF63-428F-BE04-74AD8934F862}.Release|x64.ActiveCfg = Release|Any CPU
		{70B06CE6-EF63-428F-BE04-74AD8934F862}.Release|x64.Build.0 = Release|Any CPU
		{70B06CE6-EF63-428F-BE04-74AD8934F862}.Release|x64.Deploy.0 = Release|Any CPU
		{70B06CE6-EF63-428F-BE04-74AD8934F862}.Release|x86.ActiveCfg = Release|x86
		{70B06CE6-EF63-428F-BE04-74AD8934F862}.Release|x86.Build.0 = Release|x86
		{70B06CE6-EF63-428F-BE04-74AD8934F862}.Release|x86.Deploy.0 = Release|x86
	EndGlobalSection
	GlobalSection(SolutionProperties) = preSolution
		HideSolutionNode = FALSE
	EndGlobalSection
	GlobalSection(NestedProjects) = preSolution
		{04D588F0-AB1F-41B7-9765-6E7731C951F5} = {84846EC5-BC8D-4487-9BE2-9E8DAFA0AA92}
		{5B506D23-B3F0-4F75-B889-9742CF47DED3} = {84846EC5-BC8D-4487-9BE2-9E8DAFA0AA92}
		{C1FB58AB-48F3-421A-ACC2-DB93F4219EEC} = {84846EC5-BC8D-4487-9BE2-9E8DAFA0AA92}
		{6A4BB8CE-24B0-4929-A060-DBDD4F34FBD5} = {443DF84E-1DE4-4F6D-9041-65992BB6748E}
		{779E8641-9EEE-4D7F-9081-94A15DD18EE8} = {443DF84E-1DE4-4F6D-9041-65992BB6748E}
		{70B06CE6-EF63-428F-BE04-74AD8934F862} = {443DF84E-1DE4-4F6D-9041-65992BB6748E}
	EndGlobalSection
EndGlobal
