
Microsoft Visual Studio Solution File, Format Version 12.00
# Visual Studio 14
VisualStudioVersion = 14.0.25420.1
MinimumVisualStudioVersion = 10.0.40219.1
Project("{2150E333-8FDC-42A3-9474-1A3956D46DE8}") = "HappyQuestionerAsync", "HappyQuestionerAsync", "{6C2E6707-52BD-4456-8BE7-88B0067B2133}"
EndProject
Project("{D954291E-2A0B-460D-934E-DC6B0785DB48}") = "HappyQuestionerAsync.Shared", "HappyQuestionerAsync\HappyQuestionerAsync.Shared\HappyQuestionerAsync.Shared.shproj", "{42497EF9-BBA6-4E4B-AB59-6FEB6FB2FFF9}"
EndProject
Project("{FAE04EC0-301F-11D3-BF4B-00C04F79EFBC}") = "HappyQuestionerAsync.Windows", "HappyQuestionerAsync\HappyQuestionerAsync.Windows\HappyQuestionerAsync.Windows.csproj", "{A284C7EC-23D4-45B2-8A24-42FB833E803D}"
EndProject
Project("{FAE04EC0-301F-11D3-BF4B-00C04F79EFBC}") = "HappyQuestionerAsync.WindowsPhone", "HappyQuestionerAsync\HappyQuestionerAsync.WindowsPhone\HappyQuestionerAsync.WindowsPhone.csproj", "{31FCF578-8AEE-4F5B-AEF7-149003C2D38D}"
EndProject
Global
	GlobalSection(SharedMSBuildProjectFiles) = preSolution
		HappyQuestionerAsync\HappyQuestionerAsync.Shared\HappyQuestionerAsync.Shared.projitems*{31fcf578-8aee-4f5b-aef7-149003c2d38d}*SharedItemsImports = 4
		HappyQuestionerAsync\HappyQuestionerAsync.Shared\HappyQuestionerAsync.Shared.projitems*{42497ef9-bba6-4e4b-ab59-6feb6fb2fff9}*SharedItemsImports = 13
		HappyQuestionerAsync\HappyQuestionerAsync.Shared\HappyQuestionerAsync.Shared.projitems*{a284c7ec-23d4-45b2-8a24-42fb833e803d}*SharedItemsImports = 4
	EndGlobalSection
	GlobalSection(SolutionConfigurationPlatforms) = preSolution
		Debug|Any CPU = Debug|Any CPU
		Debug|ARM = Debug|ARM
		Debug|x64 = Debug|x64
		Debug|x86 = Debug|x86
		Release|Any CPU = Release|Any CPU
		Release|ARM = Release|ARM
		Release|x64 = Release|x64
		Release|x86 = Release|x86
	EndGlobalSection
	GlobalSection(ProjectConfigurationPlatforms) = postSolution
		{A284C7EC-23D4-45B2-8A24-42FB833E803D}.Debug|Any CPU.ActiveCfg = Debug|Any CPU
		{A284C7EC-23D4-45B2-8A24-42FB833E803D}.Debug|Any CPU.Build.0 = Debug|Any CPU
		{A284C7EC-23D4-45B2-8A24-42FB833E803D}.Debug|Any CPU.Deploy.0 = Debug|Any CPU
		{A284C7EC-23D4-45B2-8A24-42FB833E803D}.Debug|ARM.ActiveCfg = Debug|ARM
		{A284C7EC-23D4-45B2-8A24-42FB833E803D}.Debug|ARM.Build.0 = Debug|ARM
		{A284C7EC-23D4-45B2-8A24-42FB833E803D}.Debug|ARM.Deploy.0 = Debug|ARM
		{A284C7EC-23D4-45B2-8A24-42FB833E803D}.Debug|x64.ActiveCfg = Debug|x64
		{A284C7EC-23D4-45B2-8A24-42FB833E803D}.Debug|x64.Build.0 = Debug|x64
		{A284C7EC-23D4-45B2-8A24-42FB833E803D}.Debug|x64.Deploy.0 = Debug|x64
		{A284C7EC-23D4-45B2-8A24-42FB833E803D}.Debug|x86.ActiveCfg = Debug|x86
		{A284C7EC-23D4-45B2-8A24-42FB833E803D}.Debug|x86.Build.0 = Debug|x86
		{A284C7EC-23D4-45B2-8A24-42FB833E803D}.Debug|x86.Deploy.0 = Debug|x86
		{A284C7EC-23D4-45B2-8A24-42FB833E803D}.Release|Any CPU.ActiveCfg = Release|Any CPU
		{A284C7EC-23D4-45B2-8A24-42FB833E803D}.Release|Any CPU.Build.0 = Release|Any CPU
		{A284C7EC-23D4-45B2-8A24-42FB833E803D}.Release|Any CPU.Deploy.0 = Release|Any CPU
		{A284C7EC-23D4-45B2-8A24-42FB833E803D}.Release|ARM.ActiveCfg = Release|ARM
		{A284C7EC-23D4-45B2-8A24-42FB833E803D}.Release|ARM.Build.0 = Release|ARM
		{A284C7EC-23D4-45B2-8A24-42FB833E803D}.Release|ARM.Deploy.0 = Release|ARM
		{A284C7EC-23D4-45B2-8A24-42FB833E803D}.Release|x64.ActiveCfg = Release|x64
		{A284C7EC-23D4-45B2-8A24-42FB833E803D}.Release|x64.Build.0 = Release|x64
		{A284C7EC-23D4-45B2-8A24-42FB833E803D}.Release|x64.Deploy.0 = Release|x64
		{A284C7EC-23D4-45B2-8A24-42FB833E803D}.Release|x86.ActiveCfg = Release|x86
		{A284C7EC-23D4-45B2-8A24-42FB833E803D}.Release|x86.Build.0 = Release|x86
		{A284C7EC-23D4-45B2-8A24-42FB833E803D}.Release|x86.Deploy.0 = Release|x86
		{31FCF578-8AEE-4F5B-AEF7-149003C2D38D}.Debug|Any CPU.ActiveCfg = Debug|Any CPU
		{31FCF578-8AEE-4F5B-AEF7-149003C2D38D}.Debug|Any CPU.Build.0 = Debug|Any CPU
		{31FCF578-8AEE-4F5B-AEF7-149003C2D38D}.Debug|Any CPU.Deploy.0 = Debug|Any CPU
		{31FCF578-8AEE-4F5B-AEF7-149003C2D38D}.Debug|ARM.ActiveCfg = Debug|ARM
		{31FCF578-8AEE-4F5B-AEF7-149003C2D38D}.Debug|ARM.Build.0 = Debug|ARM
		{31FCF578-8AEE-4F5B-AEF7-149003C2D38D}.Debug|ARM.Deploy.0 = Debug|ARM
		{31FCF578-8AEE-4F5B-AEF7-149003C2D38D}.Debug|x64.ActiveCfg = Debug|Any CPU
		{31FCF578-8AEE-4F5B-AEF7-149003C2D38D}.Debug|x64.Build.0 = Debug|Any CPU
		{31FCF578-8AEE-4F5B-AEF7-149003C2D38D}.Debug|x64.Deploy.0 = Debug|Any CPU
		{31FCF578-8AEE-4F5B-AEF7-149003C2D38D}.Debug|x86.ActiveCfg = Debug|x86
		{31FCF578-8AEE-4F5B-AEF7-149003C2D38D}.Debug|x86.Build.0 = Debug|x86
		{31FCF578-8AEE-4F5B-AEF7-149003C2D38D}.Debug|x86.Deploy.0 = Debug|x86
		{31FCF578-8AEE-4F5B-AEF7-149003C2D38D}.Release|Any CPU.ActiveCfg = Release|Any CPU
		{31FCF578-8AEE-4F5B-AEF7-149003C2D38D}.Release|Any CPU.Build.0 = Release|Any CPU
		{31FCF578-8AEE-4F5B-AEF7-149003C2D38D}.Release|Any CPU.Deploy.0 = Release|Any CPU
		{31FCF578-8AEE-4F5B-AEF7-149003C2D38D}.Release|ARM.ActiveCfg = Release|ARM
		{31FCF578-8AEE-4F5B-AEF7-149003C2D38D}.Release|ARM.Build.0 = Release|ARM
		{31FCF578-8AEE-4F5B-AEF7-149003C2D38D}.Release|ARM.Deploy.0 = Release|ARM
		{31FCF578-8AEE-4F5B-AEF7-149003C2D38D}.Release|x64.ActiveCfg = Release|Any CPU
		{31FCF578-8AEE-4F5B-AEF7-149003C2D38D}.Release|x64.Build.0 = Release|Any CPU
		{31FCF578-8AEE-4F5B-AEF7-149003C2D38D}.Release|x64.Deploy.0 = Release|Any CPU
		{31FCF578-8AEE-4F5B-AEF7-149003C2D38D}.Release|x86.ActiveCfg = Release|x86
		{31FCF578-8AEE-4F5B-AEF7-149003C2D38D}.Release|x86.Build.0 = Release|x86
		{31FCF578-8AEE-4F5B-AEF7-149003C2D38D}.Release|x86.Deploy.0 = Release|x86
	EndGlobalSection
	GlobalSection(SolutionProperties) = preSolution
		HideSolutionNode = FALSE
	EndGlobalSection
	GlobalSection(NestedProjects) = preSolution
		{42497EF9-BBA6-4E4B-AB59-6FEB6FB2FFF9} = {6C2E6707-52BD-4456-8BE7-88B0067B2133}
		{A284C7EC-23D4-45B2-8A24-42FB833E803D} = {6C2E6707-52BD-4456-8BE7-88B0067B2133}
		{31FCF578-8AEE-4F5B-AEF7-149003C2D38D} = {6C2E6707-52BD-4456-8BE7-88B0067B2133}
	EndGlobalSection
EndGlobal
